github.com/langhuihui/gomem v0.0.0-20251013004544-ee5a2a75c165 h1:lmJwCqfrlAdifn9S4zDjRKRFPhb0k4jVR4m2y2mRRC0=
github.com/langhuihui/gomem v0.0.0-20251013004544-ee5a2a75c165/go.mod h1:BTPq1+4YUP4i7w8VHzs5AUIdn3T5gXjIUXbxgHW9TIQ=
gopkg.in/yaml.v3 v3.0.1 h1:fxVm/GzAzEWqLHuvctI91KS9hhNmmWOoWu0XTYJS7CA=
gopkg.in/yaml.v3 v3.0.1/go.mod h1:K4uyk7z7BCEPqu6E+C64Yfv1cQ7kz7rIZviUmN+EgEM=
